// !$*UTF8*$!
{
	archiveVersion = 1;
	classes = {
	};
	objectVersion = 51;
	objects = {

/* Begin PBXBuildFile section */
		13981F25ACE12B28CB4FCA7E /* Pods_MapApp.framework in Frameworks */ = {isa = PBXBuildFile; fileRef = F8537ABB182EEEC37EBA1BE6 /* Pods_MapApp.framework */; };
		ED119B7124EE8C7A00F624F1 /* AppDelegate.swift in Sources */ = {isa = PBXBuildFile; fileRef = ED119B7024EE8C7A00F624F1 /* AppDelegate.swift */; };
		ED119B7A24EE8C7B00F624F1 /* Assets.xcassets in Resources */ = {isa = PBXBuildFile; fileRef = ED119B7924EE8C7B00F624F1 /* Assets.xcassets */; };
		ED119B8524EE8DCD00F624F1 /* LaunchScreen.storyboard in Resources */ = {isa = PBXBuildFile; fileRef = ED119B8424EE8DCD00F624F1 /* LaunchScreen.storyboard */; };
		ED2FB12F24EEA61A009CD200 /* MapViewController.swift in Sources */ = {isa = PBXBuildFile; fileRef = ED2FB12E24EEA61A009CD200 /* MapViewController.swift */; };
		ED75F8F72506247C008BCA75 /* MapViewControllerInput.swift in Sources */ = {isa = PBXBuildFile; fileRef = ED75F8F62506247C008BCA75 /* MapViewControllerInput.swift */; };
		ED75F8F925062488008BCA75 /* MapViewControllerOutput.swift in Sources */ = {isa = PBXBuildFile; fileRef = ED75F8F825062488008BCA75 /* MapViewControllerOutput.swift */; };
		ED75F8FB25062504008BCA75 /* MapPresenter.swift in Sources */ = {isa = PBXBuildFile; fileRef = ED75F8FA25062504008BCA75 /* MapPresenter.swift */; };
		ED75F8FD2506253E008BCA75 /* MapInteractor.swift in Sources */ = {isa = PBXBuildFile; fileRef = ED75F8FC2506253E008BCA75 /* MapInteractor.swift */; };
		ED75F8FF2506255F008BCA75 /* MapInteractorInput.swift in Sources */ = {isa = PBXBuildFile; fileRef = ED75F8FE2506255F008BCA75 /* MapInteractorInput.swift */; };
		ED75F9012506256E008BCA75 /* MapInteractorOutput.swift in Sources */ = {isa = PBXBuildFile; fileRef = ED75F9002506256E008BCA75 /* MapInteractorOutput.swift */; };
		ED75F903250625AB008BCA75 /* MapRouterInput.swift in Sources */ = {isa = PBXBuildFile; fileRef = ED75F902250625AB008BCA75 /* MapRouterInput.swift */; };
		ED75F905250625B7008BCA75 /* MapRouter.swift in Sources */ = {isa = PBXBuildFile; fileRef = ED75F904250625B7008BCA75 /* MapRouter.swift */; };
		ED75F90825062676008BCA75 /* MapAssembly.swift in Sources */ = {isa = PBXBuildFile; fileRef = ED75F90725062676008BCA75 /* MapAssembly.swift */; };
		ED75F90D2506493D008BCA75 /* CustomAnnotationView.swift in Sources */ = {isa = PBXBuildFile; fileRef = ED75F90C2506493D008BCA75 /* CustomAnnotationView.swift */; };
/* End PBXBuildFile section */

/* Begin PBXFileReference section */
		09671BBB97CA2A2CC67015FF /* Pods-MapApp.release.xcconfig */ = {isa = PBXFileReference; includeInIndex = 1; lastKnownFileType = text.xcconfig; name = "Pods-MapApp.release.xcconfig"; path = "Target Support Files/Pods-MapApp/Pods-MapApp.release.xcconfig"; sourceTree = "<group>"; };
		ED119B6D24EE8C7A00F624F1 /* MapApp.app */ = {isa = PBXFileReference; explicitFileType = wrapper.application; includeInIndex = 0; path = MapApp.app; sourceTree = BUILT_PRODUCTS_DIR; };
		ED119B7024EE8C7A00F624F1 /* AppDelegate.swift */ = {isa = PBXFileReference; lastKnownFileType = sourcecode.swift; path = AppDelegate.swift; sourceTree = "<group>"; };
		ED119B7924EE8C7B00F624F1 /* Assets.xcassets */ = {isa = PBXFileReference; lastKnownFileType = folder.assetcatalog; path = Assets.xcassets; sourceTree = "<group>"; };
		ED119B7E24EE8C7B00F624F1 /* Info.plist */ = {isa = PBXFileReference; lastKnownFileType = text.plist.xml; path = Info.plist; sourceTree = "<group>"; };
		ED119B8424EE8DCD00F624F1 /* LaunchScreen.storyboard */ = {isa = PBXFileReference; fileEncoding = 4; lastKnownFileType = file.storyboard; path = LaunchScreen.storyboard; sourceTree = "<group>"; };
		ED2FB12E24EEA61A009CD200 /* MapViewController.swift */ = {isa = PBXFileReference; lastKnownFileType = sourcecode.swift; path = MapViewController.swift; sourceTree = "<group>"; };
		ED75F8F62506247C008BCA75 /* MapViewControllerInput.swift */ = {isa = PBXFileReference; lastKnownFileType = sourcecode.swift; path = MapViewControllerInput.swift; sourceTree = "<group>"; };
		ED75F8F825062488008BCA75 /* MapViewControllerOutput.swift */ = {isa = PBXFileReference; lastKnownFileType = sourcecode.swift; path = MapViewControllerOutput.swift; sourceTree = "<group>"; };
		ED75F8FA25062504008BCA75 /* MapPresenter.swift */ = {isa = PBXFileReference; lastKnownFileType = sourcecode.swift; path = MapPresenter.swift; sourceTree = "<group>"; };
		ED75F8FC2506253E008BCA75 /* MapInteractor.swift */ = {isa = PBXFileReference; lastKnownFileType = sourcecode.swift; path = MapInteractor.swift; sourceTree = "<group>"; };
		ED75F8FE2506255F008BCA75 /* MapInteractorInput.swift */ = {isa = PBXFileReference; lastKnownFileType = sourcecode.swift; path = MapInteractorInput.swift; sourceTree = "<group>"; };
		ED75F9002506256E008BCA75 /* MapInteractorOutput.swift */ = {isa = PBXFileReference; lastKnownFileType = sourcecode.swift; path = MapInteractorOutput.swift; sourceTree = "<group>"; };
		ED75F902250625AB008BCA75 /* MapRouterInput.swift */ = {isa = PBXFileReference; lastKnownFileType = sourcecode.swift; path = MapRouterInput.swift; sourceTree = "<group>"; };
		ED75F904250625B7008BCA75 /* MapRouter.swift */ = {isa = PBXFileReference; lastKnownFileType = sourcecode.swift; path = MapRouter.swift; sourceTree = "<group>"; };
		ED75F90725062676008BCA75 /* MapAssembly.swift */ = {isa = PBXFileReference; lastKnownFileType = sourcecode.swift; path = MapAssembly.swift; sourceTree = "<group>"; };
		ED75F90C2506493D008BCA75 /* CustomAnnotationView.swift */ = {isa = PBXFileReference; lastKnownFileType = sourcecode.swift; path = CustomAnnotationView.swift; sourceTree = "<group>"; };
		F8537ABB182EEEC37EBA1BE6 /* Pods_MapApp.framework */ = {isa = PBXFileReference; explicitFileType = wrapper.framework; includeInIndex = 0; path = Pods_MapApp.framework; sourceTree = BUILT_PRODUCTS_DIR; };
		FFA53F7296913A771F0DEC7C /* Pods-MapApp.debug.xcconfig */ = {isa = PBXFileReference; includeInIndex = 1; lastKnownFileType = text.xcconfig; name = "Pods-MapApp.debug.xcconfig"; path = "Target Support Files/Pods-MapApp/Pods-MapApp.debug.xcconfig"; sourceTree = "<group>"; };
/* End PBXFileReference section */

/* Begin PBXFrameworksBuildPhase section */
		ED119B6A24EE8C7A00F624F1 /* Frameworks */ = {
			isa = PBXFrameworksBuildPhase;
			buildActionMask = 2147483647;
			files = (
				13981F25ACE12B28CB4FCA7E /* Pods_MapApp.framework in Frameworks */,
			);
			runOnlyForDeploymentPostprocessing = 0;
		};
/* End PBXFrameworksBuildPhase section */

/* Begin PBXGroup section */
		C18A9C8B3D90E22CA70D36A7 /* Pods */ = {
			isa = PBXGroup;
			children = (
				FFA53F7296913A771F0DEC7C /* Pods-MapApp.debug.xcconfig */,
				09671BBB97CA2A2CC67015FF /* Pods-MapApp.release.xcconfig */,
			);
			path = Pods;
			sourceTree = "<group>";
		};
		E8D151D37C3DEBF457010CF6 /* Frameworks */ = {
			isa = PBXGroup;
			children = (
				F8537ABB182EEEC37EBA1BE6 /* Pods_MapApp.framework */,
			);
			name = Frameworks;
			sourceTree = "<group>";
		};
		ED119B6424EE8C7A00F624F1 = {
			isa = PBXGroup;
			children = (
				ED119B6F24EE8C7A00F624F1 /* MapApp */,
				ED119B6E24EE8C7A00F624F1 /* Products */,
				C18A9C8B3D90E22CA70D36A7 /* Pods */,
				E8D151D37C3DEBF457010CF6 /* Frameworks */,
			);
			sourceTree = "<group>";
		};
		ED119B6E24EE8C7A00F624F1 /* Products */ = {
			isa = PBXGroup;
			children = (
				ED119B6D24EE8C7A00F624F1 /* MapApp.app */,
			);
			name = Products;
			sourceTree = "<group>";
		};
		ED119B6F24EE8C7A00F624F1 /* MapApp */ = {
			isa = PBXGroup;
			children = (
				ED119B8724EE8E7D00F624F1 /* Application */,
				ED119B8824EE8EC900F624F1 /* Map */,
				ED119B8624EE8E6400F624F1 /* Resources */,
			);
			path = MapApp;
			sourceTree = "<group>";
		};
		ED119B8624EE8E6400F624F1 /* Resources */ = {
			isa = PBXGroup;
			children = (
				ED119B8424EE8DCD00F624F1 /* LaunchScreen.storyboard */,
				ED119B7924EE8C7B00F624F1 /* Assets.xcassets */,
				ED119B7E24EE8C7B00F624F1 /* Info.plist */,
			);
			path = Resources;
			sourceTree = "<group>";
		};
		ED119B8724EE8E7D00F624F1 /* Application */ = {
			isa = PBXGroup;
			children = (
				ED119B7024EE8C7A00F624F1 /* AppDelegate.swift */,
			);
			path = Application;
			sourceTree = "<group>";
		};
		ED119B8824EE8EC900F624F1 /* Map */ = {
			isa = PBXGroup;
			children = (
				ED75F90625062669008BCA75 /* Assembly */,
				ED75F8F52506245C008BCA75 /* Entity */,
				ED75F8F425062455008BCA75 /* Router */,
				ED75F8F32506244F008BCA75 /* Interactor */,
				ED75F8F225062444008BCA75 /* Presenter */,
				ED75F8EF250623E3008BCA75 /* View */,
			);
			path = Map;
			sourceTree = "<group>";
		};
		ED75F8EF250623E3008BCA75 /* View */ = {
			isa = PBXGroup;
			children = (
				ED75F90B25064922008BCA75 /* AnnotationView */,
				ED2FB12E24EEA61A009CD200 /* MapViewController.swift */,
				ED75F8F62506247C008BCA75 /* MapViewControllerInput.swift */,
				ED75F8F825062488008BCA75 /* MapViewControllerOutput.swift */,
			);
			path = View;
			sourceTree = "<group>";
		};
		ED75F8F225062444008BCA75 /* Presenter */ = {
			isa = PBXGroup;
			children = (
				ED75F8FA25062504008BCA75 /* MapPresenter.swift */,
			);
			path = Presenter;
			sourceTree = "<group>";
		};
		ED75F8F32506244F008BCA75 /* Interactor */ = {
			isa = PBXGroup;
			children = (
				ED75F8FC2506253E008BCA75 /* MapInteractor.swift */,
				ED75F8FE2506255F008BCA75 /* MapInteractorInput.swift */,
				ED75F9002506256E008BCA75 /* MapInteractorOutput.swift */,
			);
			path = Interactor;
			sourceTree = "<group>";
		};
		ED75F8F425062455008BCA75 /* Router */ = {
			isa = PBXGroup;
			children = (
				ED75F904250625B7008BCA75 /* MapRouter.swift */,
				ED75F902250625AB008BCA75 /* MapRouterInput.swift */,
			);
			path = Router;
			sourceTree = "<group>";
		};
		ED75F8F52506245C008BCA75 /* Entity */ = {
			isa = PBXGroup;
			children = (
			);
			path = Entity;
			sourceTree = "<group>";
		};
		ED75F90625062669008BCA75 /* Assembly */ = {
			isa = PBXGroup;
			children = (
				ED75F90725062676008BCA75 /* MapAssembly.swift */,
			);
			path = Assembly;
			sourceTree = "<group>";
		};
		ED75F90B25064922008BCA75 /* AnnotationView */ = {
			isa = PBXGroup;
			children = (
				ED75F90C2506493D008BCA75 /* CustomAnnotationView.swift */,
			);
			path = AnnotationView;
			sourceTree = "<group>";
		};
/* End PBXGroup section */

/* Begin PBXNativeTarget section */
		ED119B6C24EE8C7A00F624F1 /* MapApp */ = {
			isa = PBXNativeTarget;
			buildConfigurationList = ED119B8124EE8C7B00F624F1 /* Build configuration list for PBXNativeTarget "MapApp" */;
			buildPhases = (
				82FEEE2F24017B233841AFB9 /* [CP] Check Pods Manifest.lock */,
				ED119B6924EE8C7A00F624F1 /* Sources */,
				ED119B6A24EE8C7A00F624F1 /* Frameworks */,
				ED119B6B24EE8C7A00F624F1 /* Resources */,
				D877F8493E4B92FA84F8D410 /* [CP] Embed Pods Frameworks */,
				A53C54764B5D4BCCF1123B66 /* [CP] Copy Pods Resources */,
			);
			buildRules = (
			);
			dependencies = (
			);
			name = MapApp;
			productName = MapApp;
			productReference = ED119B6D24EE8C7A00F624F1 /* MapApp.app */;
			productType = "com.apple.product-type.application";
		};
/* End PBXNativeTarget section */

/* Begin PBXProject section */
		ED119B6524EE8C7A00F624F1 /* Project object */ = {
			isa = PBXProject;
			attributes = {
				LastSwiftUpdateCheck = 1160;
				LastUpgradeCheck = 1160;
				ORGANIZATIONNAME = "Kirill+Gleb";
				TargetAttributes = {
					ED119B6C24EE8C7A00F624F1 = {
						CreatedOnToolsVersion = 11.6;
					};
				};
			};
			buildConfigurationList = ED119B6824EE8C7A00F624F1 /* Build configuration list for PBXProject "MapApp" */;
			compatibilityVersion = "Xcode 9.3";
			developmentRegion = en;
			hasScannedForEncodings = 0;
			knownRegions = (
				en,
				Base,
			);
			mainGroup = ED119B6424EE8C7A00F624F1;
			productRefGroup = ED119B6E24EE8C7A00F624F1 /* Products */;
			projectDirPath = "";
			projectRoot = "";
			targets = (
				ED119B6C24EE8C7A00F624F1 /* MapApp */,
			);
		};
/* End PBXProject section */

/* Begin PBXResourcesBuildPhase section */
		ED119B6B24EE8C7A00F624F1 /* Resources */ = {
			isa = PBXResourcesBuildPhase;
			buildActionMask = 2147483647;
			files = (
				ED119B7A24EE8C7B00F624F1 /* Assets.xcassets in Resources */,
				ED119B8524EE8DCD00F624F1 /* LaunchScreen.storyboard in Resources */,
			);
			runOnlyForDeploymentPostprocessing = 0;
		};
/* End PBXResourcesBuildPhase section */

/* Begin PBXShellScriptBuildPhase section */
		82FEEE2F24017B233841AFB9 /* [CP] Check Pods Manifest.lock */ = {
			isa = PBXShellScriptBuildPhase;
			buildActionMask = 2147483647;
			files = (
			);
			inputFileListPaths = (
			);
			inputPaths = (
				"${PODS_PODFILE_DIR_PATH}/Podfile.lock",
				"${PODS_ROOT}/Manifest.lock",
			);
			name = "[CP] Check Pods Manifest.lock";
			outputFileListPaths = (
			);
			outputPaths = (
				"$(DERIVED_FILE_DIR)/Pods-MapApp-checkManifestLockResult.txt",
			);
			runOnlyForDeploymentPostprocessing = 0;
			shellPath = /bin/sh;
			shellScript = "diff \"${PODS_PODFILE_DIR_PATH}/Podfile.lock\" \"${PODS_ROOT}/Manifest.lock\" > /dev/null\nif [ $? != 0 ] ; then\n    # print error to STDERR\n    echo \"error: The sandbox is not in sync with the Podfile.lock. Run 'pod install' or update your CocoaPods installation.\" >&2\n    exit 1\nfi\n# This output is used by Xcode 'outputs' to avoid re-running this script phase.\necho \"SUCCESS\" > \"${SCRIPT_OUTPUT_FILE_0}\"\n";
			showEnvVarsInLog = 0;
		};
		A53C54764B5D4BCCF1123B66 /* [CP] Copy Pods Resources */ = {
			isa = PBXShellScriptBuildPhase;
			buildActionMask = 2147483647;
			files = (
			);
			inputFileListPaths = (
				"${PODS_ROOT}/Target Support Files/Pods-MapApp/Pods-MapApp-resources-${CONFIGURATION}-input-files.xcfilelist",
			);
			name = "[CP] Copy Pods Resources";
			outputFileListPaths = (
				"${PODS_ROOT}/Target Support Files/Pods-MapApp/Pods-MapApp-resources-${CONFIGURATION}-output-files.xcfilelist",
			);
			runOnlyForDeploymentPostprocessing = 0;
			shellPath = /bin/sh;
			shellScript = "\"${PODS_ROOT}/Target Support Files/Pods-MapApp/Pods-MapApp-resources.sh\"\n";
			showEnvVarsInLog = 0;
		};
		D877F8493E4B92FA84F8D410 /* [CP] Embed Pods Frameworks */ = {
			isa = PBXShellScriptBuildPhase;
			buildActionMask = 2147483647;
			files = (
			);
			inputFileListPaths = (
				"${PODS_ROOT}/Target Support Files/Pods-MapApp/Pods-MapApp-frameworks-${CONFIGURATION}-input-files.xcfilelist",
			);
			name = "[CP] Embed Pods Frameworks";
			outputFileListPaths = (
				"${PODS_ROOT}/Target Support Files/Pods-MapApp/Pods-MapApp-frameworks-${CONFIGURATION}-output-files.xcfilelist",
			);
			runOnlyForDeploymentPostprocessing = 0;
			shellPath = /bin/sh;
			shellScript = "\"${PODS_ROOT}/Target Support Files/Pods-MapApp/Pods-MapApp-frameworks.sh\"\n";
			showEnvVarsInLog = 0;
		};
/* End PBXShellScriptBuildPhase section */

/* Begin PBXSourcesBuildPhase section */
		ED119B6924EE8C7A00F624F1 /* Sources */ = {
			isa = PBXSourcesBuildPhase;
			buildActionMask = 2147483647;
			files = (
				ED75F9012506256E008BCA75 /* MapInteractorOutput.swift in Sources */,
				ED75F8F72506247C008BCA75 /* MapViewControllerInput.swift in Sources */,
				ED75F903250625AB008BCA75 /* MapRouterInput.swift in Sources */,
				ED119B7124EE8C7A00F624F1 /* AppDelegate.swift in Sources */,
				ED75F8F925062488008BCA75 /* MapViewControllerOutput.swift in Sources */,
				ED75F90825062676008BCA75 /* MapAssembly.swift in Sources */,
				ED75F8FF2506255F008BCA75 /* MapInteractorInput.swift in Sources */,
				ED2FB12F24EEA61A009CD200 /* MapViewController.swift in Sources */,
				ED75F905250625B7008BCA75 /* MapRouter.swift in Sources */,
				ED75F8FD2506253E008BCA75 /* MapInteractor.swift in Sources */,
				ED75F90D2506493D008BCA75 /* CustomAnnotationView.swift in Sources */,
				ED75F8FB25062504008BCA75 /* MapPresenter.swift in Sources */,
			);
			runOnlyForDeploymentPostprocessing = 0;
		};
/* End PBXSourcesBuildPhase section */

/* Begin XCBuildConfiguration section */
		ED119B7F24EE8C7B00F624F1 /* Debug */ = {
			isa = XCBuildConfiguration;
			buildSettings = {
				ALWAYS_SEARCH_USER_PATHS = NO;
				CLANG_ANALYZER_NONNULL = YES;
				CLANG_ANALYZER_NUMBER_OBJECT_CONVERSION = YES_AGGRESSIVE;
				CLANG_CXX_LANGUAGE_STANDARD = "gnu++14";
				CLANG_CXX_LIBRARY = "libc++";
				CLANG_ENABLE_MODULES = YES;
				CLANG_ENABLE_OBJC_ARC = YES;
				CLANG_ENABLE_OBJC_WEAK = YES;
				CLANG_WARN_BLOCK_CAPTURE_AUTORELEASING = YES;
				CLANG_WARN_BOOL_CONVERSION = YES;
				CLANG_WARN_COMMA = YES;
				CLANG_WARN_CONSTANT_CONVERSION = YES;
				CLANG_WARN_DEPRECATED_OBJC_IMPLEMENTATIONS = YES;
				CLANG_WARN_DIRECT_OBJC_ISA_USAGE = YES_ERROR;
				CLANG_WARN_DOCUMENTATION_COMMENTS = YES;
				CLANG_WARN_EMPTY_BODY = YES;
				CLANG_WARN_ENUM_CONVERSION = YES;
				CLANG_WARN_INFINITE_RECURSION = YES;
				CLANG_WARN_INT_CONVERSION = YES;
				CLANG_WARN_NON_LITERAL_NULL_CONVERSION = YES;
				CLANG_WARN_OBJC_IMPLICIT_RETAIN_SELF = YES;
				CLANG_WARN_OBJC_LITERAL_CONVERSION = YES;
				CLANG_WARN_OBJC_ROOT_CLASS = YES_ERROR;
				CLANG_WARN_RANGE_LOOP_ANALYSIS = YES;
				CLANG_WARN_STRICT_PROTOTYPES = YES;
				CLANG_WARN_SUSPICIOUS_MOVE = YES;
				CLANG_WARN_UNGUARDED_AVAILABILITY = YES_AGGRESSIVE;
				CLANG_WARN_UNREACHABLE_CODE = YES;
				CLANG_WARN__DUPLICATE_METHOD_MATCH = YES;
				COPY_PHASE_STRIP = NO;
				DEBUG_INFORMATION_FORMAT = dwarf;
				ENABLE_STRICT_OBJC_MSGSEND = YES;
				ENABLE_TESTABILITY = YES;
				GCC_C_LANGUAGE_STANDARD = gnu11;
				GCC_DYNAMIC_NO_PIC = NO;
				GCC_NO_COMMON_BLOCKS = YES;
				GCC_OPTIMIZATION_LEVEL = 0;
				GCC_PREPROCESSOR_DEFINITIONS = (
					"DEBUG=1",
					"$(inherited)",
				);
				GCC_WARN_64_TO_32_BIT_CONVERSION = YES;
				GCC_WARN_ABOUT_RETURN_TYPE = YES_ERROR;
				GCC_WARN_UNDECLARED_SELECTOR = YES;
				GCC_WARN_UNINITIALIZED_AUTOS = YES_AGGRESSIVE;
				GCC_WARN_UNUSED_FUNCTION = YES;
				GCC_WARN_UNUSED_VARIABLE = YES;
				IPHONEOS_DEPLOYMENT_TARGET = 13.6;
				MTL_ENABLE_DEBUG_INFO = INCLUDE_SOURCE;
				MTL_FAST_MATH = YES;
				ONLY_ACTIVE_ARCH = YES;
				SDKROOT = iphoneos;
				SWIFT_ACTIVE_COMPILATION_CONDITIONS = DEBUG;
				SWIFT_OPTIMIZATION_LEVEL = "-Onone";
			};
			name = Debug;
		};
		ED119B8024EE8C7B00F624F1 /* Release */ = {
			isa = XCBuildConfiguration;
			buildSettings = {
				ALWAYS_SEARCH_USER_PATHS = NO;
				CLANG_ANALYZER_NONNULL = YES;
				CLANG_ANALYZER_NUMBER_OBJECT_CONVERSION = YES_AGGRESSIVE;
				CLANG_CXX_LANGUAGE_STANDARD = "gnu++14";
				CLANG_CXX_LIBRARY = "libc++";
				CLANG_ENABLE_MODULES = YES;
				CLANG_ENABLE_OBJC_ARC = YES;
				CLANG_ENABLE_OBJC_WEAK = YES;
				CLANG_WARN_BLOCK_CAPTURE_AUTORELEASING = YES;
				CLANG_WARN_BOOL_CONVERSION = YES;
				CLANG_WARN_COMMA = YES;
				CLANG_WARN_CONSTANT_CONVERSION = YES;
				CLANG_WARN_DEPRECATED_OBJC_IMPLEMENTATIONS = YES;
				CLANG_WARN_DIRECT_OBJC_ISA_USAGE = YES_ERROR;
				CLANG_WARN_DOCUMENTATION_COMMENTS = YES;
				CLANG_WARN_EMPTY_BODY = YES;
				CLANG_WARN_ENUM_CONVERSION = YES;
				CLANG_WARN_INFINITE_RECURSION = YES;
				CLANG_WARN_INT_CONVERSION = YES;
				CLANG_WARN_NON_LITERAL_NULL_CONVERSION = YES;
				CLANG_WARN_OBJC_IMPLICIT_RETAIN_SELF = YES;
				CLANG_WARN_OBJC_LITERAL_CONVERSION = YES;
				CLANG_WARN_OBJC_ROOT_CLASS = YES_ERROR;
				CLANG_WARN_RANGE_LOOP_ANALYSIS = YES;
				CLANG_WARN_STRICT_PROTOTYPES = YES;
				CLANG_WARN_SUSPICIOUS_MOVE = YES;
				CLANG_WARN_UNGUARDED_AVAILABILITY = YES_AGGRESSIVE;
				CLANG_WARN_UNREACHABLE_CODE = YES;
				CLANG_WARN__DUPLICATE_METHOD_MATCH = YES;
				COPY_PHASE_STRIP = NO;
				DEBUG_INFORMATION_FORMAT = "dwarf-with-dsym";
				ENABLE_NS_ASSERTIONS = NO;
				ENABLE_STRICT_OBJC_MSGSEND = YES;
				GCC_C_LANGUAGE_STANDARD = gnu11;
				GCC_NO_COMMON_BLOCKS = YES;
				GCC_WARN_64_TO_32_BIT_CONVERSION = YES;
				GCC_WARN_ABOUT_RETURN_TYPE = YES_ERROR;
				GCC_WARN_UNDECLARED_SELECTOR = YES;
				GCC_WARN_UNINITIALIZED_AUTOS = YES_AGGRESSIVE;
				GCC_WARN_UNUSED_FUNCTION = YES;
				GCC_WARN_UNUSED_VARIABLE = YES;
				IPHONEOS_DEPLOYMENT_TARGET = 13.6;
				MTL_ENABLE_DEBUG_INFO = NO;
				MTL_FAST_MATH = YES;
				SDKROOT = iphoneos;
				SWIFT_COMPILATION_MODE = wholemodule;
				SWIFT_OPTIMIZATION_LEVEL = "-O";
				VALIDATE_PRODUCT = YES;
			};
			name = Release;
		};
		ED119B8224EE8C7B00F624F1 /* Debug */ = {
			isa = XCBuildConfiguration;
			baseConfigurationReference = FFA53F7296913A771F0DEC7C /* Pods-MapApp.debug.xcconfig */;
			buildSettings = {
				ASSETCATALOG_COMPILER_APPICON_NAME = AppIcon;
				CODE_SIGN_STYLE = Automatic;
				INFOPLIST_FILE = MapApp/Resources/Info.plist;
				LD_RUNPATH_SEARCH_PATHS = (
					"$(inherited)",
					"@executable_path/Frameworks",
				);
				PRODUCT_BUNDLE_IDENTIFIER = com.kg.MapApp;
				PRODUCT_NAME = "$(TARGET_NAME)";
				SWIFT_VERSION = 5.0;
				TARGETED_DEVICE_FAMILY = "1,2";
			};
			name = Debug;
		};
		ED119B8324EE8C7B00F624F1 /* Release */ = {
			isa = XCBuildConfiguration;
			baseConfigurationReference = 09671BBB97CA2A2CC67015FF /* Pods-MapApp.release.xcconfig */;
			buildSettings = {
				ASSETCATALOG_COMPILER_APPICON_NAME = AppIcon;
				CODE_SIGN_STYLE = Automatic;
				INFOPLIST_FILE = MapApp/Resources/Info.plist;
				LD_RUNPATH_SEARCH_PATHS = (
					"$(inherited)",
					"@executable_path/Frameworks",
				);
				PRODUCT_BUNDLE_IDENTIFIER = com.kg.MapApp;
				PRODUCT_NAME = "$(TARGET_NAME)";
				SWIFT_VERSION = 5.0;
				TARGETED_DEVICE_FAMILY = "1,2";
			};
			name = Release;
		};
/* End XCBuildConfiguration section */

/* Begin XCConfigurationList section */
		ED119B6824EE8C7A00F624F1 /* Build configuration list for PBXProject "MapApp" */ = {
			isa = XCConfigurationList;
			buildConfigurations = (
				ED119B7F24EE8C7B00F624F1 /* Debug */,
				ED119B8024EE8C7B00F624F1 /* Release */,
			);
			defaultConfigurationIsVisible = 0;
			defaultConfigurationName = Release;
		};
		ED119B8124EE8C7B00F624F1 /* Build configuration list for PBXNativeTarget "MapApp" */ = {
			isa = XCConfigurationList;
			buildConfigurations = (
				ED119B8224EE8C7B00F624F1 /* Debug */,
				ED119B8324EE8C7B00F624F1 /* Release */,
			);
			defaultConfigurationIsVisible = 0;
			defaultConfigurationName = Release;
		};
/* End XCConfigurationList section */
	};
	rootObject = ED119B6524EE8C7A00F624F1 /* Project object */;
}
